
Microsoft Visual Studio Solution File, Format Version 12.00
# Visual Studio Version 17
VisualStudioVersion = 17.7.34202.233
MinimumVisualStudioVersion = 10.0.40219.1
Project("{FAE04EC0-301F-11D3-BF4B-00C04F79EFBC}") = "Clases", "Clases\Clases.csproj", "{A0745A21-D596-47FB-843D-B14219CD2CF4}"
EndProject
Global
	GlobalSection(SolutionConfigurationPlatforms) = preSolution
		Debug|Any CPU = Debug|Any CPU
		Release|Any CPU = Release|Any CPU
	EndGlobalSection
	GlobalSection(ProjectConfigurationPlatforms) = postSolution
		{A0745A21-D596-47FB-843D-B14219CD2CF4}.Debug|Any CPU.ActiveCfg = Debug|Any CPU
		{A0745A21-D596-47FB-843D-B14219CD2CF4}.Debug|Any CPU.Build.0 = Debug|Any CPU
		{A0745A21-D596-47FB-843D-B14219CD2CF4}.Release|Any CPU.ActiveCfg = Release|Any CPU
		{A0745A21-D596-47FB-843D-B14219CD2CF4}.Release|Any CPU.Build.0 = Release|Any CPU
	EndGlobalSection
	GlobalSection(SolutionProperties) = preSolution
		HideSolutionNode = FALSE
	EndGlobalSection
	GlobalSection(ExtensibilityGlobals) = postSolution
		SolutionGuid = {2F78C1E8-59F7-4372-BB73-1BF7AF1C4E73}
	EndGlobalSection
EndGlobal
